
Microsoft Visual Studio Solution File, Format Version 10.00
# Visual Studio 2008
Project("{FAE04EC0-301F-11D3-BF4B-00C04F79EFBC}") = "WinItemPanelTest", "WinItemPanelTest.csproj", "{B1E6EC70-1C78-44F1-BF6A-2D321D979BAB}"
EndProject
Global
	GlobalSection(SolutionConfigurationPlatforms) = preSolution
		Debug|Any CPU = Debug|Any CPU
		Release|Any CPU = Release|Any CPU
	EndGlobalSection
	GlobalSection(ProjectConfigurationPlatforms) = postSolution
		{B1E6EC70-1C78-44F1-BF6A-2D321D979BAB}.Debug|Any CPU.ActiveCfg = Debug|Any CPU
		{B1E6EC70-1C78-44F1-BF6A-2D321D979BAB}.Debug|Any CPU.Build.0 = Debug|Any CPU
		{B1E6EC70-1C78-44F1-BF6A-2D321D979BAB}.Release|Any CPU.ActiveCfg = Release|Any CPU
		{B1E6EC70-1C78-44F1-BF6A-2D321D979BAB}.Release|Any CPU.Build.0 = Release|Any CPU
	EndGlobalSection
	GlobalSection(SolutionProperties) = preSolution
		HideSolutionNode = FALSE
	EndGlobalSection
EndGlobal
