
Microsoft Visual Studio Solution File, Format Version 10.00
# Visual Studio 2008
Project("{FAE04EC0-301F-11D3-BF4B-00C04F79EFBC}") = "Viktory", "Viktory\Viktory.csproj", "{B0812503-7A72-4174-9C44-F10F1EF9F163}"
EndProject
Global
	GlobalSection(SolutionConfigurationPlatforms) = preSolution
		Debug|Any CPU = Debug|Any CPU
		Release|Any CPU = Release|Any CPU
	EndGlobalSection
	GlobalSection(ProjectConfigurationPlatforms) = postSolution
		{B0812503-7A72-4174-9C44-F10F1EF9F163}.Debug|Any CPU.ActiveCfg = Debug|Any CPU
		{B0812503-7A72-4174-9C44-F10F1EF9F163}.Debug|Any CPU.Build.0 = Debug|Any CPU
		{B0812503-7A72-4174-9C44-F10F1EF9F163}.Release|Any CPU.ActiveCfg = Release|Any CPU
		{B0812503-7A72-4174-9C44-F10F1EF9F163}.Release|Any CPU.Build.0 = Release|Any CPU
	EndGlobalSection
	GlobalSection(SolutionProperties) = preSolution
		HideSolutionNode = FALSE
	EndGlobalSection
EndGlobal
