
Microsoft Visual Studio Solution File, Format Version 10.00
# Visual Studio 2008
Project("{FAE04EC0-301F-11D3-BF4B-00C04F79EFBC}") = "Vika", "Vika.csproj", "{0D11F7DD-E7FD-4E55-B67C-9F6583D65D50}"
EndProject
Global
	GlobalSection(SolutionConfigurationPlatforms) = preSolution
		Debug|Any CPU = Debug|Any CPU
		Release|Any CPU = Release|Any CPU
	EndGlobalSection
	GlobalSection(ProjectConfigurationPlatforms) = postSolution
		{0D11F7DD-E7FD-4E55-B67C-9F6583D65D50}.Debug|Any CPU.ActiveCfg = Debug|Any CPU
		{0D11F7DD-E7FD-4E55-B67C-9F6583D65D50}.Debug|Any CPU.Build.0 = Debug|Any CPU
		{0D11F7DD-E7FD-4E55-B67C-9F6583D65D50}.Release|Any CPU.ActiveCfg = Release|Any CPU
		{0D11F7DD-E7FD-4E55-B67C-9F6583D65D50}.Release|Any CPU.Build.0 = Release|Any CPU
	EndGlobalSection
	GlobalSection(SolutionProperties) = preSolution
		HideSolutionNode = FALSE
	EndGlobalSection
EndGlobal
