
Microsoft Visual Studio Solution File, Format Version 10.00
# Visual Studio 2008
Project("{FAE04EC0-301F-11D3-BF4B-00C04F79EFBC}") = "RLEpic", "RLEpic.csproj", "{F2B4BF5D-15C3-4C23-8A04-8D3E463CF3D9}"
EndProject
Global
	GlobalSection(SolutionConfigurationPlatforms) = preSolution
		Debug|Any CPU = Debug|Any CPU
		Release|Any CPU = Release|Any CPU
	EndGlobalSection
	GlobalSection(ProjectConfigurationPlatforms) = postSolution
		{F2B4BF5D-15C3-4C23-8A04-8D3E463CF3D9}.Debug|Any CPU.ActiveCfg = Debug|Any CPU
		{F2B4BF5D-15C3-4C23-8A04-8D3E463CF3D9}.Debug|Any CPU.Build.0 = Debug|Any CPU
		{F2B4BF5D-15C3-4C23-8A04-8D3E463CF3D9}.Release|Any CPU.ActiveCfg = Release|Any CPU
		{F2B4BF5D-15C3-4C23-8A04-8D3E463CF3D9}.Release|Any CPU.Build.0 = Release|Any CPU
	EndGlobalSection
	GlobalSection(SolutionProperties) = preSolution
		HideSolutionNode = FALSE
	EndGlobalSection
EndGlobal
