
Microsoft Visual Studio Solution File, Format Version 10.00
# Visual Studio 2008
Project("{FAE04EC0-301F-11D3-BF4B-00C04F79EFBC}") = "Градиентный", "Градиентный.csproj", "{FA7E35E5-2F31-490E-9A9C-D8F67EC445C3}"
EndProject
Global
	GlobalSection(SolutionConfigurationPlatforms) = preSolution
		Debug|Any CPU = Debug|Any CPU
		Release|Any CPU = Release|Any CPU
	EndGlobalSection
	GlobalSection(ProjectConfigurationPlatforms) = postSolution
		{FA7E35E5-2F31-490E-9A9C-D8F67EC445C3}.Debug|Any CPU.ActiveCfg = Debug|Any CPU
		{FA7E35E5-2F31-490E-9A9C-D8F67EC445C3}.Debug|Any CPU.Build.0 = Debug|Any CPU
		{FA7E35E5-2F31-490E-9A9C-D8F67EC445C3}.Release|Any CPU.ActiveCfg = Release|Any CPU
		{FA7E35E5-2F31-490E-9A9C-D8F67EC445C3}.Release|Any CPU.Build.0 = Release|Any CPU
	EndGlobalSection
	GlobalSection(SolutionProperties) = preSolution
		HideSolutionNode = FALSE
	EndGlobalSection
EndGlobal
