
Microsoft Visual Studio Solution File, Format Version 10.00
# Visual Studio 2008
Project("{FAE04EC0-301F-11D3-BF4B-00C04F79EFBC}") = "OS5", "OS5.csproj", "{76836279-480E-4716-A280-F4D7E657386B}"
EndProject
Global
	GlobalSection(SolutionConfigurationPlatforms) = preSolution
		Debug|Any CPU = Debug|Any CPU
		Release|Any CPU = Release|Any CPU
	EndGlobalSection
	GlobalSection(ProjectConfigurationPlatforms) = postSolution
		{76836279-480E-4716-A280-F4D7E657386B}.Debug|Any CPU.ActiveCfg = Debug|Any CPU
		{76836279-480E-4716-A280-F4D7E657386B}.Debug|Any CPU.Build.0 = Debug|Any CPU
		{76836279-480E-4716-A280-F4D7E657386B}.Release|Any CPU.ActiveCfg = Release|Any CPU
		{76836279-480E-4716-A280-F4D7E657386B}.Release|Any CPU.Build.0 = Release|Any CPU
	EndGlobalSection
	GlobalSection(SolutionProperties) = preSolution
		HideSolutionNode = FALSE
	EndGlobalSection
EndGlobal
