
Microsoft Visual Studio Solution File, Format Version 10.00
# Visual Studio 2008
Project("{FAE04EC0-301F-11D3-BF4B-00C04F79EFBC}") = "Выпарной", "Выпарной.csproj", "{43EC05E7-2FB3-42B2-A452-AEA9BA2539ED}"
EndProject
Global
	GlobalSection(SolutionConfigurationPlatforms) = preSolution
		Debug|Any CPU = Debug|Any CPU
		Release|Any CPU = Release|Any CPU
	EndGlobalSection
	GlobalSection(ProjectConfigurationPlatforms) = postSolution
		{43EC05E7-2FB3-42B2-A452-AEA9BA2539ED}.Debug|Any CPU.ActiveCfg = Debug|Any CPU
		{43EC05E7-2FB3-42B2-A452-AEA9BA2539ED}.Debug|Any CPU.Build.0 = Debug|Any CPU
		{43EC05E7-2FB3-42B2-A452-AEA9BA2539ED}.Release|Any CPU.ActiveCfg = Release|Any CPU
		{43EC05E7-2FB3-42B2-A452-AEA9BA2539ED}.Release|Any CPU.Build.0 = Release|Any CPU
	EndGlobalSection
	GlobalSection(SolutionProperties) = preSolution
		HideSolutionNode = FALSE
	EndGlobalSection
EndGlobal
