
Microsoft Visual Studio Solution File, Format Version 10.00
# Visual Studio 2008
Project("{FAE04EC0-301F-11D3-BF4B-00C04F79EFBC}") = "Пристрелка", "Пристрелка.csproj", "{6C425695-C89A-4729-8B8D-CBA48D36753E}"
EndProject
Global
	GlobalSection(SolutionConfigurationPlatforms) = preSolution
		Debug|Any CPU = Debug|Any CPU
		Release|Any CPU = Release|Any CPU
	EndGlobalSection
	GlobalSection(ProjectConfigurationPlatforms) = postSolution
		{6C425695-C89A-4729-8B8D-CBA48D36753E}.Debug|Any CPU.ActiveCfg = Debug|Any CPU
		{6C425695-C89A-4729-8B8D-CBA48D36753E}.Debug|Any CPU.Build.0 = Debug|Any CPU
		{6C425695-C89A-4729-8B8D-CBA48D36753E}.Release|Any CPU.ActiveCfg = Release|Any CPU
		{6C425695-C89A-4729-8B8D-CBA48D36753E}.Release|Any CPU.Build.0 = Release|Any CPU
	EndGlobalSection
	GlobalSection(SolutionProperties) = preSolution
		HideSolutionNode = FALSE
	EndGlobalSection
EndGlobal
